# This file is automatically @generated by Cargo.
# It is not intended for manual editing.
version = 4

[[package]]
name = "arbitrary-precision"
version = "0.1.0"
source = "git+https://github.com/mathew-horner/arbitrary-precision.git#7ea0ea1279a6783b4c0be025ab0c8a4afbef5c01"

[[package]]
name = "project-euler"
version = "0.1.0"
dependencies = [
 "arbitrary-precision",
]
